// !$*UTF8*$!
{
	archiveVersion = 1;
	classes = {
	};
	objectVersion = 46;
	objects = {

/* Begin PBXBuildFile section */
		F86987A01D444B16003D2264 /* main.m in Sources */ = {isa = PBXBuildFile; fileRef = F869879F1D444B16003D2264 /* main.m */; };
		F86987A31D444B16003D2264 /* AppDelegate.m in Sources */ = {isa = PBXBuildFile; fileRef = F86987A21D444B16003D2264 /* AppDelegate.m */; };
		F86987AC1D444B16003D2264 /* Main.storyboard in Resources */ = {isa = PBXBuildFile; fileRef = F86987AA1D444B16003D2264 /* Main.storyboard */; };
		F86987AE1D444B16003D2264 /* Assets.xcassets in Resources */ = {isa = PBXBuildFile; fileRef = F86987AD1D444B16003D2264 /* Assets.xcassets */; };
		F86987B11D444B16003D2264 /* LaunchScreen.storyboard in Resources */ = {isa = PBXBuildFile; fileRef = F86987AF1D444B16003D2264 /* LaunchScreen.storyboard */; };
		F86987C01D444BBF003D2264 /* FirstNavVC.m in Sources */ = {isa = PBXBuildFile; fileRef = F86987BD1D444BBF003D2264 /* FirstNavVC.m */; };
		F86987C11D444BBF003D2264 /* SecondNavVC.m in Sources */ = {isa = PBXBuildFile; fileRef = F86987BF1D444BBF003D2264 /* SecondNavVC.m */; };
/* End PBXBuildFile section */

/* Begin PBXFileReference section */
		F869879B1D444B16003D2264 /* MultiStoryboard.app */ = {isa = PBXFileReference; explicitFileType = wrapper.application; includeInIndex = 0; path = MultiStoryboard.app; sourceTree = BUILT_PRODUCTS_DIR; };
		F869879F1D444B16003D2264 /* main.m */ = {isa = PBXFileReference; lastKnownFileType = sourcecode.c.objc; path = main.m; sourceTree = "<group>"; };
		F86987A11D444B16003D2264 /* AppDelegate.h */ = {isa = PBXFileReference; lastKnownFileType = sourcecode.c.h; path = AppDelegate.h; sourceTree = "<group>"; };
		F86987A21D444B16003D2264 /* AppDelegate.m */ = {isa = PBXFileReference; lastKnownFileType = sourcecode.c.objc; path = AppDelegate.m; sourceTree = "<group>"; };
		F86987AB1D444B16003D2264 /* Base */ = {isa = PBXFileReference; lastKnownFileType = file.storyboard; name = Base; path = Base.lproj/Main.storyboard; sourceTree = "<group>"; };
		F86987AD1D444B16003D2264 /* Assets.xcassets */ = {isa = PBXFileReference; lastKnownFileType = folder.assetcatalog; path = Assets.xcassets; sourceTree = "<group>"; };
		F86987B01D444B16003D2264 /* Base */ = {isa = PBXFileReference; lastKnownFileType = file.storyboard; name = Base; path = Base.lproj/LaunchScreen.storyboard; sourceTree = "<group>"; };
		F86987B21D444B16003D2264 /* Info.plist */ = {isa = PBXFileReference; lastKnownFileType = text.plist.xml; path = Info.plist; sourceTree = "<group>"; };
		F86987BC1D444BBF003D2264 /* FirstNavVC.h */ = {isa = PBXFileReference; fileEncoding = 4; lastKnownFileType = sourcecode.c.h; path = FirstNavVC.h; sourceTree = "<group>"; };
		F86987BD1D444BBF003D2264 /* FirstNavVC.m */ = {isa = PBXFileReference; fileEncoding = 4; lastKnownFileType = sourcecode.c.objc; path = FirstNavVC.m; sourceTree = "<group>"; };
		F86987BE1D444BBF003D2264 /* SecondNavVC.h */ = {isa = PBXFileReference; fileEncoding = 4; lastKnownFileType = sourcecode.c.h; path = SecondNavVC.h; sourceTree = "<group>"; };
		F86987BF1D444BBF003D2264 /* SecondNavVC.m */ = {isa = PBXFileReference; fileEncoding = 4; lastKnownFileType = sourcecode.c.objc; path = SecondNavVC.m; sourceTree = "<group>"; };
/* End PBXFileReference section */

/* Begin PBXFrameworksBuildPhase section */
		F86987981D444B16003D2264 /* Frameworks */ = {
			isa = PBXFrameworksBuildPhase;
			buildActionMask = 2147483647;
			files = (
			);
			runOnlyForDeploymentPostprocessing = 0;
		};
/* End PBXFrameworksBuildPhase section */

/* Begin PBXGroup section */
		F86987921D444B16003D2264 = {
			isa = PBXGroup;
			children = (
				F869879D1D444B16003D2264 /* MultiStoryboard */,
				F869879C1D444B16003D2264 /* Products */,
			);
			sourceTree = "<group>";
		};
		F869879C1D444B16003D2264 /* Products */ = {
			isa = PBXGroup;
			children = (
				F869879B1D444B16003D2264 /* MultiStoryboard.app */,
			);
			name = Products;
			sourceTree = "<group>";
		};
		F869879D1D444B16003D2264 /* MultiStoryboard */ = {
			isa = PBXGroup;
			children = (
				F86987BB1D444BBF003D2264 /* VCs */,
				F86987BA1D444BB7003D2264 /* Storyboards */,
				F86987A11D444B16003D2264 /* AppDelegate.h */,
				F86987A21D444B16003D2264 /* AppDelegate.m */,
				F86987AD1D444B16003D2264 /* Assets.xcassets */,
				F86987AF1D444B16003D2264 /* LaunchScreen.storyboard */,
				F86987B21D444B16003D2264 /* Info.plist */,
				F869879E1D444B16003D2264 /* Supporting Files */,
			);
			path = MultiStoryboard;
			sourceTree = "<group>";
		};
		F869879E1D444B16003D2264 /* Supporting Files */ = {
			isa = PBXGroup;
			children = (
				F869879F1D444B16003D2264 /* main.m */,
			);
			name = "Supporting Files";
			sourceTree = "<group>";
		};
		F86987BA1D444BB7003D2264 /* Storyboards */ = {
			isa = PBXGroup;
			children = (
				F86987AA1D444B16003D2264 /* Main.storyboard */,
			);
			path = Storyboards;
			sourceTree = "<group>";
		};
		F86987BB1D444BBF003D2264 /* VCs */ = {
			isa = PBXGroup;
			children = (
				F86987BC1D444BBF003D2264 /* FirstNavVC.h */,
				F86987BD1D444BBF003D2264 /* FirstNavVC.m */,
				F86987BE1D444BBF003D2264 /* SecondNavVC.h */,
				F86987BF1D444BBF003D2264 /* SecondNavVC.m */,
			);
			path = VCs;
			sourceTree = "<group>";
		};
/* End PBXGroup section */

/* Begin PBXNativeTarget section */
		F869879A1D444B16003D2264 /* MultiStoryboard */ = {
			isa = PBXNativeTarget;
			buildConfigurationList = F86987B51D444B16003D2264 /* Build configuration list for PBXNativeTarget "MultiStoryboard" */;
			buildPhases = (
				F86987971D444B16003D2264 /* Sources */,
				F86987981D444B16003D2264 /* Frameworks */,
				F86987991D444B16003D2264 /* Resources */,
			);
			buildRules = (
			);
			dependencies = (
			);
			name = MultiStoryboard;
			productName = MultiStoryboard;
			productReference = F869879B1D444B16003D2264 /* MultiStoryboard.app */;
			productType = "com.apple.product-type.application";
		};
/* End PBXNativeTarget section */

/* Begin PBXProject section */
		F86987931D444B16003D2264 /* Project object */ = {
			isa = PBXProject;
			attributes = {
				LastUpgradeCheck = 0710;
				ORGANIZATIONNAME = NonMac;
				TargetAttributes = {
					F869879A1D444B16003D2264 = {
						CreatedOnToolsVersion = 7.1;
					};
				};
			};
			buildConfigurationList = F86987961D444B16003D2264 /* Build configuration list for PBXProject "MultiStoryboard" */;
			compatibilityVersion = "Xcode 3.2";
			developmentRegion = English;
			hasScannedForEncodings = 0;
			knownRegions = (
				en,
				Base,
			);
			mainGroup = F86987921D444B16003D2264;
			productRefGroup = F869879C1D444B16003D2264 /* Products */;
			projectDirPath = "";
			projectRoot = "";
			targets = (
				F869879A1D444B16003D2264 /* MultiStoryboard */,
			);
		};
/* End PBXProject section */

/* Begin PBXResourcesBuildPhase section */
		F86987991D444B16003D2264 /* Resources */ = {
			isa = PBXResourcesBuildPhase;
			buildActionMask = 2147483647;
			files = (
				F86987B11D444B16003D2264 /* LaunchScreen.storyboard in Resources */,
				F86987AE1D444B16003D2264 /* Assets.xcassets in Resources */,
				F86987AC1D444B16003D2264 /* Main.storyboard in Resources */,
			);
			runOnlyForDeploymentPostprocessing = 0;
		};
/* End PBXResourcesBuildPhase section */

/* Begin PBXSourcesBuildPhase section */
		F86987971D444B16003D2264 /* Sources */ = {
			isa = PBXSourcesBuildPhase;
			buildActionMask = 2147483647;
			files = (
				F86987C11D444BBF003D2264 /* SecondNavVC.m in Sources */,
				F86987A31D444B16003D2264 /* AppDelegate.m in Sources */,
				F86987C01D444BBF003D2264 /* FirstNavVC.m in Sources */,
				F86987A01D444B16003D2264 /* main.m in Sources */,
			);
			runOnlyForDeploymentPostprocessing = 0;
		};
/* End PBXSourcesBuildPhase section */

/* Begin PBXVariantGroup section */
		F86987AA1D444B16003D2264 /* Main.storyboard */ = {
			isa = PBXVariantGroup;
			children = (
				F86987AB1D444B16003D2264 /* Base */,
			);
			name = Main.storyboard;
			path = ..;
			sourceTree = "<group>";
		};
		F86987AF1D444B16003D2264 /* LaunchScreen.storyboard */ = {
			isa = PBXVariantGroup;
			children = (
				F86987B01D444B16003D2264 /* Base */,
			);
			name = LaunchScreen.storyboard;
			sourceTree = "<group>";
		};
/* End PBXVariantGroup section */

/* Begin XCBuildConfiguration section */
		F86987B31D444B16003D2264 /* Debug */ = {
			isa = XCBuildConfiguration;
			buildSettings = {
				ALWAYS_SEARCH_USER_PATHS = NO;
				CLANG_CXX_LANGUAGE_STANDARD = "gnu++0x";
				CLANG_CXX_LIBRARY = "libc++";
				CLANG_ENABLE_MODULES = YES;
				CLANG_ENABLE_OBJC_ARC = YES;
				CLANG_WARN_BOOL_CONVERSION = YES;
				CLANG_WARN_CONSTANT_CONVERSION = YES;
				CLANG_WARN_DIRECT_OBJC_ISA_USAGE = YES_ERROR;
				CLANG_WARN_EMPTY_BODY = YES;
				CLANG_WARN_ENUM_CONVERSION = YES;
				CLANG_WARN_INT_CONVERSION = YES;
				CLANG_WARN_OBJC_ROOT_CLASS = YES_ERROR;
				CLANG_WARN_UNREACHABLE_CODE = YES;
				CLANG_WARN__DUPLICATE_METHOD_MATCH = YES;
				"CODE_SIGN_IDENTITY[sdk=iphoneos*]" = "iPhone Developer";
				COPY_PHASE_STRIP = NO;
				DEBUG_INFORMATION_FORMAT = dwarf;
				ENABLE_STRICT_OBJC_MSGSEND = YES;
				ENABLE_TESTABILITY = YES;
				GCC_C_LANGUAGE_STANDARD = gnu99;
				GCC_DYNAMIC_NO_PIC = NO;
				GCC_NO_COMMON_BLOCKS = YES;
				GCC_OPTIMIZATION_LEVEL = 0;
				GCC_PREPROCESSOR_DEFINITIONS = (
					"DEBUG=1",
					"$(inherited)",
				);
				GCC_WARN_64_TO_32_BIT_CONVERSION = YES;
				GCC_WARN_ABOUT_RETURN_TYPE = YES_ERROR;
				GCC_WARN_UNDECLARED_SELECTOR = YES;
				GCC_WARN_UNINITIALIZED_AUTOS = YES_AGGRESSIVE;
				GCC_WARN_UNUSED_FUNCTION = YES;
				GCC_WARN_UNUSED_VARIABLE = YES;
				IPHONEOS_DEPLOYMENT_TARGET = 9.1;
				MTL_ENABLE_DEBUG_INFO = YES;
				ONLY_ACTIVE_ARCH = YES;
				SDKROOT = iphoneos;
			};
			name = Debug;
		};
		F86987B41D444B16003D2264 /* Release */ = {
			isa = XCBuildConfiguration;
			buildSettings = {
				ALWAYS_SEARCH_USER_PATHS = NO;
				CLANG_CXX_LANGUAGE_STANDARD = "gnu++0x";
				CLANG_CXX_LIBRARY = "libc++";
				CLANG_ENABLE_MODULES = YES;
				CLANG_ENABLE_OBJC_ARC = YES;
				CLANG_WARN_BOOL_CONVERSION = YES;
				CLANG_WARN_CONSTANT_CONVERSION = YES;
				CLANG_WARN_DIRECT_OBJC_ISA_USAGE = YES_ERROR;
				CLANG_WARN_EMPTY_BODY = YES;
				CLANG_WARN_ENUM_CONVERSION = YES;
				CLANG_WARN_INT_CONVERSION = YES;
				CLANG_WARN_OBJC_ROOT_CLASS = YES_ERROR;
				CLANG_WARN_UNREACHABLE_CODE = YES;
				CLANG_WARN__DUPLICATE_METHOD_MATCH = YES;
				"CODE_SIGN_IDENTITY[sdk=iphoneos*]" = "iPhone Developer";
				COPY_PHASE_STRIP = NO;
				DEBUG_INFORMATION_FORMAT = "dwarf-with-dsym";
				ENABLE_NS_ASSERTIONS = NO;
				ENABLE_STRICT_OBJC_MSGSEND = YES;
				GCC_C_LANGUAGE_STANDARD = gnu99;
				GCC_NO_COMMON_BLOCKS = YES;
				GCC_WARN_64_TO_32_BIT_CONVERSION = YES;
				GCC_WARN_ABOUT_RETURN_TYPE = YES_ERROR;
				GCC_WARN_UNDECLARED_SELECTOR = YES;
				GCC_WARN_UNINITIALIZED_AUTOS = YES_AGGRESSIVE;
				GCC_WARN_UNUSED_FUNCTION = YES;
				GCC_WARN_UNUSED_VARIABLE = YES;
				IPHONEOS_DEPLOYMENT_TARGET = 9.1;
				MTL_ENABLE_DEBUG_INFO = NO;
				SDKROOT = iphoneos;
				VALIDATE_PRODUCT = YES;
			};
			name = Release;
		};
		F86987B61D444B16003D2264 /* Debug */ = {
			isa = XCBuildConfiguration;
			buildSettings = {
				ASSETCATALOG_COMPILER_APPICON_NAME = AppIcon;
				INFOPLIST_FILE = MultiStoryboard/Info.plist;
				IPHONEOS_DEPLOYMENT_TARGET = 7.0;
				LD_RUNPATH_SEARCH_PATHS = "$(inherited) @executable_path/Frameworks";
				PRODUCT_BUNDLE_IDENTIFIER = com.NonMac.MultiStoryboard;
				PRODUCT_NAME = "$(TARGET_NAME)";
				TARGETED_DEVICE_FAMILY = "1,2";
			};
			name = Debug;
		};
		F86987B71D444B16003D2264 /* Release */ = {
			isa = XCBuildConfiguration;
			buildSettings = {
				ASSETCATALOG_COMPILER_APPICON_NAME = AppIcon;
				INFOPLIST_FILE = MultiStoryboard/Info.plist;
				IPHONEOS_DEPLOYMENT_TARGET = 7.0;
				LD_RUNPATH_SEARCH_PATHS = "$(inherited) @executable_path/Frameworks";
				PRODUCT_BUNDLE_IDENTIFIER = com.NonMac.MultiStoryboard;
				PRODUCT_NAME = "$(TARGET_NAME)";
				TARGETED_DEVICE_FAMILY = "1,2";
			};
			name = Release;
		};
/* End XCBuildConfiguration section */

/* Begin XCConfigurationList section */
		F86987961D444B16003D2264 /* Build configuration list for PBXProject "MultiStoryboard" */ = {
			isa = XCConfigurationList;
			buildConfigurations = (
				F86987B31D444B16003D2264 /* Debug */,
				F86987B41D444B16003D2264 /* Release */,
			);
			defaultConfigurationIsVisible = 0;
			defaultConfigurationName = Release;
		};
		F86987B51D444B16003D2264 /* Build configuration list for PBXNativeTarget "MultiStoryboard" */ = {
			isa = XCConfigurationList;
			buildConfigurations = (
				F86987B61D444B16003D2264 /* Debug */,
				F86987B71D444B16003D2264 /* Release */,
			);
			defaultConfigurationIsVisible = 0;
			defaultConfigurationName = Release;
		};
/* End XCConfigurationList section */
	};
	rootObject = F86987931D444B16003D2264 /* Project object */;
}
